
Microsoft Visual Studio Solution File, Format Version 12.00
# Visual Studio 15
Project("{FAE04EC0-301F-11D3-BF4B-00C04F79EFBC}") = "Assembly-CSharp-firstpass", "Assembly-CSharp-firstpass.csproj", "{0B733DB5-744F-F472-F5B6-495069F3E02D}"
EndProject
Project("{FAE04EC0-301F-11D3-BF4B-00C04F79EFBC}") = "CW.Common", "CW.Common.csproj", "{15E0A448-2722-648B-D467-653C56508D84}"
EndProject
Project("{FAE04EC0-301F-11D3-BF4B-00C04F79EFBC}") = "PaintIn3D", "PaintIn3D.csproj", "{76D617CC-1D5A-B1AD-CD8F-C036A0CB5F47}"
EndProject
Project("{FAE04EC0-301F-11D3-BF4B-00C04F79EFBC}") = "Febucci.TextAnimator.Runtime", "Febucci.TextAnimator.Runtime.csproj", "{AA44339E-1B11-98DA-D09E-67F0DDABAC03}"
EndProject
Project("{FAE04EC0-301F-11D3-BF4B-00C04F79EFBC}") = "Assembly-CSharp", "Assembly-CSharp.csproj", "{5190E5DA-174F-D88D-DAC2-FE785891503A}"
EndProject
Project("{FAE04EC0-301F-11D3-BF4B-00C04F79EFBC}") = "FlatKit.Runtime", "FlatKit.Runtime.csproj", "{14EC65DF-C7C4-D309-BEB1-C937D9359DCB}"
EndProject
Project("{FAE04EC0-301F-11D3-BF4B-00C04F79EFBC}") = "Febucci.TextAnimator.Demo.Runtime", "Febucci.TextAnimator.Demo.Runtime.csproj", "{C82D9661-1181-80D7-E20C-90474302FFDD}"
EndProject
Project("{FAE04EC0-301F-11D3-BF4B-00C04F79EFBC}") = "Unity.ShaderGraph.Editor", "Unity.ShaderGraph.Editor.csproj", "{CDA1F290-C475-49E5-ECF0-7E6C33000BB1}"
EndProject
Project("{FAE04EC0-301F-11D3-BF4B-00C04F79EFBC}") = "Unity.RenderPipelines.Universal.Editor", "Unity.RenderPipelines.Universal.Editor.csproj", "{77B10D42-438E-B129-B237-07B842936857}"
EndProject
Project("{FAE04EC0-301F-11D3-BF4B-00C04F79EFBC}") = "UnityEditor.UI", "UnityEditor.UI.csproj", "{8172ADF9-2C7E-CF75-5A73-008F793DA010}"
EndProject
Project("{FAE04EC0-301F-11D3-BF4B-00C04F79EFBC}") = "Assembly-CSharp-Editor", "Assembly-CSharp-Editor.csproj", "{1B0FDB20-901E-398C-0976-971ED3138F0F}"
EndProject
Project("{FAE04EC0-301F-11D3-BF4B-00C04F79EFBC}") = "Febucci.TextAnimator.Editor", "Febucci.TextAnimator.Editor.csproj", "{FBA04FEC-79AD-66A9-3463-7345BB647B73}"
EndProject
Project("{FAE04EC0-301F-11D3-BF4B-00C04F79EFBC}") = "Chroma.Facade", "Chroma.Facade.csproj", "{466B5773-317A-22C9-69B5-7F738903B6A9}"
EndProject
Project("{FAE04EC0-301F-11D3-BF4B-00C04F79EFBC}") = "Assembly-CSharp-Editor-firstpass", "Assembly-CSharp-Editor-firstpass.csproj", "{1B5CAE45-7A84-A0F1-78E6-7E08B3AEA4E8}"
EndProject
Project("{FAE04EC0-301F-11D3-BF4B-00C04F79EFBC}") = "Chroma.Readme.Editor", "Chroma.Readme.Editor.csproj", "{643DCD01-FD24-DD5A-15B5-6C10F1BF27DA}"
EndProject
Project("{FAE04EC0-301F-11D3-BF4B-00C04F79EFBC}") = "FlatKit.Utils.Editor", "FlatKit.Utils.Editor.csproj", "{F9F8D9DA-00EC-C0F3-D4DD-D5607E76E0E7}"
EndProject
Project("{FAE04EC0-301F-11D3-BF4B-00C04F79EFBC}") = "Febucci.TextAnimator.Demo.Editor", "Febucci.TextAnimator.Demo.Editor.csproj", "{E03263EF-8F3E-6BF1-B192-D961E7A58B20}"
EndProject
Global
	GlobalSection(SolutionConfigurationPlatforms) = preSolution
		Debug|Any CPU = Debug|Any CPU
		Release|Any CPU = Release|Any CPU
	EndGlobalSection
	GlobalSection(ProjectConfigurationPlatforms) = postSolution
		{0B733DB5-744F-F472-F5B6-495069F3E02D}.Debug|Any CPU.ActiveCfg = Debug|Any CPU
		{0B733DB5-744F-F472-F5B6-495069F3E02D}.Debug|Any CPU.Build.0 = Debug|Any CPU
		{0B733DB5-744F-F472-F5B6-495069F3E02D}.Release|Any CPU.ActiveCfg = Release|Any CPU
		{0B733DB5-744F-F472-F5B6-495069F3E02D}.Release|Any CPU.Build.0 = Release|Any CPU
		{15E0A448-2722-648B-D467-653C56508D84}.Debug|Any CPU.ActiveCfg = Debug|Any CPU
		{15E0A448-2722-648B-D467-653C56508D84}.Debug|Any CPU.Build.0 = Debug|Any CPU
		{15E0A448-2722-648B-D467-653C56508D84}.Release|Any CPU.ActiveCfg = Release|Any CPU
		{15E0A448-2722-648B-D467-653C56508D84}.Release|Any CPU.Build.0 = Release|Any CPU
		{76D617CC-1D5A-B1AD-CD8F-C036A0CB5F47}.Debug|Any CPU.ActiveCfg = Debug|Any CPU
		{76D617CC-1D5A-B1AD-CD8F-C036A0CB5F47}.Debug|Any CPU.Build.0 = Debug|Any CPU
		{76D617CC-1D5A-B1AD-CD8F-C036A0CB5F47}.Release|Any CPU.ActiveCfg = Release|Any CPU
		{76D617CC-1D5A-B1AD-CD8F-C036A0CB5F47}.Release|Any CPU.Build.0 = Release|Any CPU
		{AA44339E-1B11-98DA-D09E-67F0DDABAC03}.Debug|Any CPU.ActiveCfg = Debug|Any CPU
		{AA44339E-1B11-98DA-D09E-67F0DDABAC03}.Debug|Any CPU.Build.0 = Debug|Any CPU
		{AA44339E-1B11-98DA-D09E-67F0DDABAC03}.Release|Any CPU.ActiveCfg = Release|Any CPU
		{AA44339E-1B11-98DA-D09E-67F0DDABAC03}.Release|Any CPU.Build.0 = Release|Any CPU
		{5190E5DA-174F-D88D-DAC2-FE785891503A}.Debug|Any CPU.ActiveCfg = Debug|Any CPU
		{5190E5DA-174F-D88D-DAC2-FE785891503A}.Debug|Any CPU.Build.0 = Debug|Any CPU
		{5190E5DA-174F-D88D-DAC2-FE785891503A}.Release|Any CPU.ActiveCfg = Release|Any CPU
		{5190E5DA-174F-D88D-DAC2-FE785891503A}.Release|Any CPU.Build.0 = Release|Any CPU
		{14EC65DF-C7C4-D309-BEB1-C937D9359DCB}.Debug|Any CPU.ActiveCfg = Debug|Any CPU
		{14EC65DF-C7C4-D309-BEB1-C937D9359DCB}.Debug|Any CPU.Build.0 = Debug|Any CPU
		{14EC65DF-C7C4-D309-BEB1-C937D9359DCB}.Release|Any CPU.ActiveCfg = Release|Any CPU
		{14EC65DF-C7C4-D309-BEB1-C937D9359DCB}.Release|Any CPU.Build.0 = Release|Any CPU
		{C82D9661-1181-80D7-E20C-90474302FFDD}.Debug|Any CPU.ActiveCfg = Debug|Any CPU
		{C82D9661-1181-80D7-E20C-90474302FFDD}.Debug|Any CPU.Build.0 = Debug|Any CPU
		{C82D9661-1181-80D7-E20C-90474302FFDD}.Release|Any CPU.ActiveCfg = Release|Any CPU
		{C82D9661-1181-80D7-E20C-90474302FFDD}.Release|Any CPU.Build.0 = Release|Any CPU
		{CDA1F290-C475-49E5-ECF0-7E6C33000BB1}.Debug|Any CPU.ActiveCfg = Debug|Any CPU
		{CDA1F290-C475-49E5-ECF0-7E6C33000BB1}.Debug|Any CPU.Build.0 = Debug|Any CPU
		{CDA1F290-C475-49E5-ECF0-7E6C33000BB1}.Release|Any CPU.ActiveCfg = Release|Any CPU
		{CDA1F290-C475-49E5-ECF0-7E6C33000BB1}.Release|Any CPU.Build.0 = Release|Any CPU
		{77B10D42-438E-B129-B237-07B842936857}.Debug|Any CPU.ActiveCfg = Debug|Any CPU
		{77B10D42-438E-B129-B237-07B842936857}.Debug|Any CPU.Build.0 = Debug|Any CPU
		{77B10D42-438E-B129-B237-07B842936857}.Release|Any CPU.ActiveCfg = Release|Any CPU
		{77B10D42-438E-B129-B237-07B842936857}.Release|Any CPU.Build.0 = Release|Any CPU
		{8172ADF9-2C7E-CF75-5A73-008F793DA010}.Debug|Any CPU.ActiveCfg = Debug|Any CPU
		{8172ADF9-2C7E-CF75-5A73-008F793DA010}.Debug|Any CPU.Build.0 = Debug|Any CPU
		{8172ADF9-2C7E-CF75-5A73-008F793DA010}.Release|Any CPU.ActiveCfg = Release|Any CPU
		{8172ADF9-2C7E-CF75-5A73-008F793DA010}.Release|Any CPU.Build.0 = Release|Any CPU
		{1B0FDB20-901E-398C-0976-971ED3138F0F}.Debug|Any CPU.ActiveCfg = Debug|Any CPU
		{1B0FDB20-901E-398C-0976-971ED3138F0F}.Debug|Any CPU.Build.0 = Debug|Any CPU
		{1B0FDB20-901E-398C-0976-971ED3138F0F}.Release|Any CPU.ActiveCfg = Release|Any CPU
		{1B0FDB20-901E-398C-0976-971ED3138F0F}.Release|Any CPU.Build.0 = Release|Any CPU
		{FBA04FEC-79AD-66A9-3463-7345BB647B73}.Debug|Any CPU.ActiveCfg = Debug|Any CPU
		{FBA04FEC-79AD-66A9-3463-7345BB647B73}.Debug|Any CPU.Build.0 = Debug|Any CPU
		{FBA04FEC-79AD-66A9-3463-7345BB647B73}.Release|Any CPU.ActiveCfg = Release|Any CPU
		{FBA04FEC-79AD-66A9-3463-7345BB647B73}.Release|Any CPU.Build.0 = Release|Any CPU
		{466B5773-317A-22C9-69B5-7F738903B6A9}.Debug|Any CPU.ActiveCfg = Debug|Any CPU
		{466B5773-317A-22C9-69B5-7F738903B6A9}.Debug|Any CPU.Build.0 = Debug|Any CPU
		{466B5773-317A-22C9-69B5-7F738903B6A9}.Release|Any CPU.ActiveCfg = Release|Any CPU
		{466B5773-317A-22C9-69B5-7F738903B6A9}.Release|Any CPU.Build.0 = Release|Any CPU
		{1B5CAE45-7A84-A0F1-78E6-7E08B3AEA4E8}.Debug|Any CPU.ActiveCfg = Debug|Any CPU
		{1B5CAE45-7A84-A0F1-78E6-7E08B3AEA4E8}.Debug|Any CPU.Build.0 = Debug|Any CPU
		{1B5CAE45-7A84-A0F1-78E6-7E08B3AEA4E8}.Release|Any CPU.ActiveCfg = Release|Any CPU
		{1B5CAE45-7A84-A0F1-78E6-7E08B3AEA4E8}.Release|Any CPU.Build.0 = Release|Any CPU
		{643DCD01-FD24-DD5A-15B5-6C10F1BF27DA}.Debug|Any CPU.ActiveCfg = Debug|Any CPU
		{643DCD01-FD24-DD5A-15B5-6C10F1BF27DA}.Debug|Any CPU.Build.0 = Debug|Any CPU
		{643DCD01-FD24-DD5A-15B5-6C10F1BF27DA}.Release|Any CPU.ActiveCfg = Release|Any CPU
		{643DCD01-FD24-DD5A-15B5-6C10F1BF27DA}.Release|Any CPU.Build.0 = Release|Any CPU
		{F9F8D9DA-00EC-C0F3-D4DD-D5607E76E0E7}.Debug|Any CPU.ActiveCfg = Debug|Any CPU
		{F9F8D9DA-00EC-C0F3-D4DD-D5607E76E0E7}.Debug|Any CPU.Build.0 = Debug|Any CPU
		{F9F8D9DA-00EC-C0F3-D4DD-D5607E76E0E7}.Release|Any CPU.ActiveCfg = Release|Any CPU
		{F9F8D9DA-00EC-C0F3-D4DD-D5607E76E0E7}.Release|Any CPU.Build.0 = Release|Any CPU
		{E03263EF-8F3E-6BF1-B192-D961E7A58B20}.Debug|Any CPU.ActiveCfg = Debug|Any CPU
		{E03263EF-8F3E-6BF1-B192-D961E7A58B20}.Debug|Any CPU.Build.0 = Debug|Any CPU
		{E03263EF-8F3E-6BF1-B192-D961E7A58B20}.Release|Any CPU.ActiveCfg = Release|Any CPU
		{E03263EF-8F3E-6BF1-B192-D961E7A58B20}.Release|Any CPU.Build.0 = Release|Any CPU
	EndGlobalSection
	GlobalSection(SolutionProperties) = preSolution
		HideSolutionNode = FALSE
	EndGlobalSection
EndGlobal
