
Microsoft Visual Studio Solution File, Format Version 12.00
# Visual Studio 15
Project("{FAE04EC0-301F-11D3-BF4B-00C04F79EFBC}") = "Assembly-CSharp-firstpass", "Assembly-CSharp-firstpass.csproj", "{B8680212-92B0-B26C-7213-374772401C49}"
EndProject
Project("{FAE04EC0-301F-11D3-BF4B-00C04F79EFBC}") = "CW.Common", "CW.Common.csproj", "{EE7DD937-8C90-1FD6-A9DB-11755785F133}"
EndProject
Project("{FAE04EC0-301F-11D3-BF4B-00C04F79EFBC}") = "PaintIn3D", "PaintIn3D.csproj", "{7A92B2FF-7A4E-3E86-606C-D1A93BA3C26A}"
EndProject
Project("{FAE04EC0-301F-11D3-BF4B-00C04F79EFBC}") = "Assembly-CSharp", "Assembly-CSharp.csproj", "{A03E9A18-1843-D485-E708-F8480957941F}"
EndProject
Project("{FAE04EC0-301F-11D3-BF4B-00C04F79EFBC}") = "Assembly-CSharp-Editor-firstpass", "Assembly-CSharp-Editor-firstpass.csproj", "{C65F3762-4A70-4083-F729-63B4C5002B19}"
EndProject
Global
	GlobalSection(SolutionConfigurationPlatforms) = preSolution
		Debug|Any CPU = Debug|Any CPU
		Release|Any CPU = Release|Any CPU
	EndGlobalSection
	GlobalSection(ProjectConfigurationPlatforms) = postSolution
		{B8680212-92B0-B26C-7213-374772401C49}.Debug|Any CPU.ActiveCfg = Debug|Any CPU
		{B8680212-92B0-B26C-7213-374772401C49}.Debug|Any CPU.Build.0 = Debug|Any CPU
		{B8680212-92B0-B26C-7213-374772401C49}.Release|Any CPU.ActiveCfg = Release|Any CPU
		{B8680212-92B0-B26C-7213-374772401C49}.Release|Any CPU.Build.0 = Release|Any CPU
		{EE7DD937-8C90-1FD6-A9DB-11755785F133}.Debug|Any CPU.ActiveCfg = Debug|Any CPU
		{EE7DD937-8C90-1FD6-A9DB-11755785F133}.Debug|Any CPU.Build.0 = Debug|Any CPU
		{EE7DD937-8C90-1FD6-A9DB-11755785F133}.Release|Any CPU.ActiveCfg = Release|Any CPU
		{EE7DD937-8C90-1FD6-A9DB-11755785F133}.Release|Any CPU.Build.0 = Release|Any CPU
		{7A92B2FF-7A4E-3E86-606C-D1A93BA3C26A}.Debug|Any CPU.ActiveCfg = Debug|Any CPU
		{7A92B2FF-7A4E-3E86-606C-D1A93BA3C26A}.Debug|Any CPU.Build.0 = Debug|Any CPU
		{7A92B2FF-7A4E-3E86-606C-D1A93BA3C26A}.Release|Any CPU.ActiveCfg = Release|Any CPU
		{7A92B2FF-7A4E-3E86-606C-D1A93BA3C26A}.Release|Any CPU.Build.0 = Release|Any CPU
		{A03E9A18-1843-D485-E708-F8480957941F}.Debug|Any CPU.ActiveCfg = Debug|Any CPU
		{A03E9A18-1843-D485-E708-F8480957941F}.Debug|Any CPU.Build.0 = Debug|Any CPU
		{A03E9A18-1843-D485-E708-F8480957941F}.Release|Any CPU.ActiveCfg = Release|Any CPU
		{A03E9A18-1843-D485-E708-F8480957941F}.Release|Any CPU.Build.0 = Release|Any CPU
		{C65F3762-4A70-4083-F729-63B4C5002B19}.Debug|Any CPU.ActiveCfg = Debug|Any CPU
		{C65F3762-4A70-4083-F729-63B4C5002B19}.Debug|Any CPU.Build.0 = Debug|Any CPU
		{C65F3762-4A70-4083-F729-63B4C5002B19}.Release|Any CPU.ActiveCfg = Release|Any CPU
		{C65F3762-4A70-4083-F729-63B4C5002B19}.Release|Any CPU.Build.0 = Release|Any CPU
	EndGlobalSection
	GlobalSection(SolutionProperties) = preSolution
		HideSolutionNode = FALSE
	EndGlobalSection
EndGlobal
